
Microsoft Visual Studio Solution File, Format Version 12.00
# Visual Studio 15
VisualStudioVersion = 15.0.28307.645
MinimumVisualStudioVersion = 10.0.40219.1
Project("{FAE04EC0-301F-11D3-BF4B-00C04F79EFBC}") = "Lab5", "Lab5\Lab5.csproj", "{6161055E-AB39-43C4-A7B6-89E2BD05B617}"
EndProject
Global
	GlobalSection(SolutionConfigurationPlatforms) = preSolution
		Debug|Any CPU = Debug|Any CPU
		Release|Any CPU = Release|Any CPU
	EndGlobalSection
	GlobalSection(ProjectConfigurationPlatforms) = postSolution
		{6161055E-AB39-43C4-A7B6-89E2BD05B617}.Debug|Any CPU.ActiveCfg = Debug|Any CPU
		{6161055E-AB39-43C4-A7B6-89E2BD05B617}.Debug|Any CPU.Build.0 = Debug|Any CPU
		{6161055E-AB39-43C4-A7B6-89E2BD05B617}.Release|Any CPU.ActiveCfg = Release|Any CPU
		{6161055E-AB39-43C4-A7B6-89E2BD05B617}.Release|Any CPU.Build.0 = Release|Any CPU
	EndGlobalSection
	GlobalSection(SolutionProperties) = preSolution
		HideSolutionNode = FALSE
	EndGlobalSection
	GlobalSection(ExtensibilityGlobals) = postSolution
		SolutionGuid = {AB3C72DB-70AD-4360-8CE8-9EB96EC11B2D}
	EndGlobalSection
EndGlobal
